PODS:
  - AFNetworking (2.6.3):
    - AFNetworking/NSURLConnection (= 2.6.3)
    - AFNetworking/NSURLSession (= 2.6.3)
    - AFNetworking/Reachability (= 2.6.3)
    - AFNetworking/Security (= 2.6.3)
    - AFNetworking/Serialization (= 2.6.3)
    - AFNetworking/UIKit (= 2.6.3)
  - AFNetworking/NSURLConnection (2.6.3):
    - AFNetworking/Reachability
    - AFNetworking/Security
    - AFNetworking/Serialization
  - AFNetworking/NSURLSession (2.6.3):
    - AFNetworking/Reachability
    - AFNetworking/Security
    - AFNetworking/Serialization
  - AFNetworking/Reachability (2.6.3)
  - AFNetworking/Security (2.6.3)
  - AFNetworking/Serialization (2.6.3)
  - AFNetworking/UIKit (2.6.3):
    - AFNetworking/NSURLConnection
    - AFNetworking/NSURLSession
  - FBSnapshotTestCase (2.1.4):
    - FBSnapshotTestCase/SwiftSupport (= 2.1.4)
  - FBSnapshotTestCase/Core (2.1.4)
  - FBSnapshotTestCase/SwiftSupport (2.1.4):
    - FBSnapshotTestCase/Core
  - podTestLibrary (0.1.0):
    - AFNetworking (~> 2.3)
    - Socket.IO-Client-Swift (~> 7.0.3)
  - Socket.IO-Client-Swift (7.0.3)

DEPENDENCIES:
  - FBSnapshotTestCase
  - podTestLibrary (from `../`)

EXTERNAL SOURCES:
  podTestLibrary:
    :path: "../"

SPEC CHECKSUMS:
  AFNetworking: cb8d14a848e831097108418f5d49217339d4eb60
  FBSnapshotTestCase: 094f9f314decbabe373b87cc339bea235a63e07a
  podTestLibrary: 20c724b618e2cda39336d7e5383910fa7ab7d3c8
  Socket.IO-Client-Swift: cca640f81f8856278c8bcd56ea42d1d070a011b6

PODFILE CHECKSUM: 7cad44981751f564905f2e1f8169e79ee6cc0f0b

COCOAPODS: 1.1.1
